
Microsoft Visual Studio Solution File, Format Version 12.00
# Visual Studio 14
VisualStudioVersion = 14.0.25420.1
MinimumVisualStudioVersion = 10.0.40219.1
Project("{FAE04EC0-301F-11D3-BF4B-00C04F79EFBC}") = "EmployabilityWebApp", "EmployabilityWebApp\EmployabilityWebApp.csproj", "{FFCA983E-8365-4386-9D72-9783FAF5AE7D}"
EndProject
Project("{FAE04EC0-301F-11D3-BF4B-00C04F79EFBC}") = "EmployabilityWebApp.Tests", "EmployabilityWebApp.Tests\EmployabilityWebApp.Tests.csproj", "{05D39894-3A99-421E-AD91-4B4927EB02D2}"
EndProject
Global
	GlobalSection(SolutionConfigurationPlatforms) = preSolution
		Debug|Any CPU = Debug|Any CPU
		Release|Any CPU = Release|Any CPU
	EndGlobalSection
	GlobalSection(ProjectConfigurationPlatforms) = postSolution
		{FFCA983E-8365-4386-9D72-9783FAF5AE7D}.Debug|Any CPU.ActiveCfg = Debug|Any CPU
		{FFCA983E-8365-4386-9D72-9783FAF5AE7D}.Debug|Any CPU.Build.0 = Debug|Any CPU
		{FFCA983E-8365-4386-9D72-9783FAF5AE7D}.Release|Any CPU.ActiveCfg = Release|Any CPU
		{FFCA983E-8365-4386-9D72-9783FAF5AE7D}.Release|Any CPU.Build.0 = Release|Any CPU
		{05D39894-3A99-421E-AD91-4B4927EB02D2}.Debug|Any CPU.ActiveCfg = Debug|Any CPU
		{05D39894-3A99-421E-AD91-4B4927EB02D2}.Debug|Any CPU.Build.0 = Debug|Any CPU
		{05D39894-3A99-421E-AD91-4B4927EB02D2}.Release|Any CPU.ActiveCfg = Release|Any CPU
		{05D39894-3A99-421E-AD91-4B4927EB02D2}.Release|Any CPU.Build.0 = Release|Any CPU
	EndGlobalSection
	GlobalSection(SolutionProperties) = preSolution
		HideSolutionNode = FALSE
	EndGlobalSection
EndGlobal
